{
  "name": "mortgage_dashboard",
  "lockfileVersion": 2,
  "requires": true,
  "packages": {
    "": {
      "dependencies": {
        "file-saver": "^2.0.5",
        "moment": "^2.29.4",
        "react-moment": "^1.1.2"
      }
    },
    "node_modules/file-saver": {
      "version": "2.0.5",
      "resolved": "https://registry.npmjs.org/file-saver/-/file-saver-2.0.5.tgz",
      "integrity": "sha512-P9bmyZ3h/PRG+Nzga+rbdI4OEpNDzAVyy74uVO9ATgzLK6VtAsYybF/+TOCvrc0MO793d6+42lLyZTw7/ArVzA=="
    },
    "node_modules/moment": {
      "version": "2.29.4",
      "resolved": "https://registry.npmjs.org/moment/-/moment-2.29.4.tgz",
      "integrity": "sha512-5LC9SOxjSc2HF6vO2CyuTDNivEdoz2IvyJJGj6X8DJ0eFyfszE0QiEd+iXmBvUP3WHxSjFH/vIsA0EN00cgr8w==",
      "engines": {
        "node": "*"
      }
    },
    "node_modules/react-moment": {
      "version": "1.1.2",
      "resolved": "https://registry.npmjs.org/react-moment/-/react-moment-1.1.2.tgz",
      "integrity": "sha512-lfb+shYXI2tXlQrNUpNr05/1D/kzFj8Isbfp89DQrpZk0fs2JIAnLHWETR0hQS9zvtzwLWlVv0wKLffbue5HoA==",
      "peerDependencies": {
        "moment": "^2.29.0",
        "prop-types": "^15.7.0",
        "react": "^16.0 || ^17.0.0 || ^18.0.0"
      }
    }
  },
  "dependencies": {
    "file-saver": {
      "version": "2.0.5",
      "resolved": "https://registry.npmjs.org/file-saver/-/file-saver-2.0.5.tgz",
      "integrity": "sha512-P9bmyZ3h/PRG+Nzga+rbdI4OEpNDzAVyy74uVO9ATgzLK6VtAsYybF/+TOCvrc0MO793d6+42lLyZTw7/ArVzA=="
    },
    "moment": {
      "version": "2.29.4",
      "resolved": "https://registry.npmjs.org/moment/-/moment-2.29.4.tgz",
      "integrity": "sha512-5LC9SOxjSc2HF6vO2CyuTDNivEdoz2IvyJJGj6X8DJ0eFyfszE0QiEd+iXmBvUP3WHxSjFH/vIsA0EN00cgr8w=="
    },
    "react-moment": {
      "version": "1.1.2",
      "resolved": "https://registry.npmjs.org/react-moment/-/react-moment-1.1.2.tgz",
      "integrity": "sha512-lfb+shYXI2tXlQrNUpNr05/1D/kzFj8Isbfp89DQrpZk0fs2JIAnLHWETR0hQS9zvtzwLWlVv0wKLffbue5HoA=="
    }
  }
}
